
Microsoft Visual Studio Solution File, Format Version 12.00
# Visual Studio Version 17
VisualStudioVersion = 17.1.32210.238
MinimumVisualStudioVersion = 10.0.40219.1
Project("{2150E333-8FDC-42A3-9474-1A3956D46DE8}") = "Identity", "Identity", "{73CA2A32-E494-4CB3-8CE4-390301800A47}"
EndProject
Project("{9A19103F-16F7-4668-BE54-9A1E7A4F7556}") = "ShoppingApp.IdentityApi", "Identity\ShoppingApp.IdentityApi\ShoppingApp.IdentityApi.csproj", "{E4572A18-200F-4524-AF0B-8FCF9E03AC69}"
EndProject
Project("{9A19103F-16F7-4668-BE54-9A1E7A4F7556}") = "ShoppingApp.IdentityModels", "Identity\ShoppingApp.IdentityDtoModels\ShoppingApp.IdentityModels.csproj", "{E698804A-6745-46EB-B237-1CC15FE53DF7}"
EndProject
Project("{9A19103F-16F7-4668-BE54-9A1E7A4F7556}") = "ShoppingApp.IdentityContext", "Identity\ShoppingApp.IdentityContext\ShoppingApp.IdentityContext.csproj", "{AA06C893-B446-4C4C-A7E3-9599EC67D8EA}"
EndProject
Project("{9A19103F-16F7-4668-BE54-9A1E7A4F7556}") = "ShoppingApp.IdentityPersistence", "Identity\ShoppingApp.IdentityPersistence\ShoppingApp.IdentityPersistence.csproj", "{320CEA34-ECE0-4B82-9799-F3BBA44837E7}"
EndProject
Global
	GlobalSection(SolutionConfigurationPlatforms) = preSolution
		Debug|Any CPU = Debug|Any CPU
		Release|Any CPU = Release|Any CPU
	EndGlobalSection
	GlobalSection(ProjectConfigurationPlatforms) = postSolution
		{E4572A18-200F-4524-AF0B-8FCF9E03AC69}.Debug|Any CPU.ActiveCfg = Debug|Any CPU
		{E4572A18-200F-4524-AF0B-8FCF9E03AC69}.Debug|Any CPU.Build.0 = Debug|Any CPU
		{E4572A18-200F-4524-AF0B-8FCF9E03AC69}.Release|Any CPU.ActiveCfg = Release|Any CPU
		{E4572A18-200F-4524-AF0B-8FCF9E03AC69}.Release|Any CPU.Build.0 = Release|Any CPU
		{E698804A-6745-46EB-B237-1CC15FE53DF7}.Debug|Any CPU.ActiveCfg = Debug|Any CPU
		{E698804A-6745-46EB-B237-1CC15FE53DF7}.Debug|Any CPU.Build.0 = Debug|Any CPU
		{E698804A-6745-46EB-B237-1CC15FE53DF7}.Release|Any CPU.ActiveCfg = Release|Any CPU
		{E698804A-6745-46EB-B237-1CC15FE53DF7}.Release|Any CPU.Build.0 = Release|Any CPU
		{AA06C893-B446-4C4C-A7E3-9599EC67D8EA}.Debug|Any CPU.ActiveCfg = Debug|Any CPU
		{AA06C893-B446-4C4C-A7E3-9599EC67D8EA}.Debug|Any CPU.Build.0 = Debug|Any CPU
		{AA06C893-B446-4C4C-A7E3-9599EC67D8EA}.Release|Any CPU.ActiveCfg = Release|Any CPU
		{AA06C893-B446-4C4C-A7E3-9599EC67D8EA}.Release|Any CPU.Build.0 = Release|Any CPU
		{320CEA34-ECE0-4B82-9799-F3BBA44837E7}.Debug|Any CPU.ActiveCfg = Debug|Any CPU
		{320CEA34-ECE0-4B82-9799-F3BBA44837E7}.Debug|Any CPU.Build.0 = Debug|Any CPU
		{320CEA34-ECE0-4B82-9799-F3BBA44837E7}.Release|Any CPU.ActiveCfg = Release|Any CPU
		{320CEA34-ECE0-4B82-9799-F3BBA44837E7}.Release|Any CPU.Build.0 = Release|Any CPU
	EndGlobalSection
	GlobalSection(SolutionProperties) = preSolution
		HideSolutionNode = FALSE
	EndGlobalSection
	GlobalSection(NestedProjects) = preSolution
		{E4572A18-200F-4524-AF0B-8FCF9E03AC69} = {73CA2A32-E494-4CB3-8CE4-390301800A47}
		{E698804A-6745-46EB-B237-1CC15FE53DF7} = {73CA2A32-E494-4CB3-8CE4-390301800A47}
		{AA06C893-B446-4C4C-A7E3-9599EC67D8EA} = {73CA2A32-E494-4CB3-8CE4-390301800A47}
		{320CEA34-ECE0-4B82-9799-F3BBA44837E7} = {73CA2A32-E494-4CB3-8CE4-390301800A47}
	EndGlobalSection
	GlobalSection(ExtensibilityGlobals) = postSolution
		SolutionGuid = {ADF7BD74-8C5A-433C-9926-2691F83C5612}
	EndGlobalSection
EndGlobal
